
Microsoft Visual Studio Solution File, Format Version 12.00
# Visual Studio Version 17
VisualStudioVersion = 17.3.32819.101
MinimumVisualStudioVersion = 10.0.40219.1
Project("{FAE04EC0-301F-11D3-BF4B-00C04F79EFBC}") = "WebApi Control Vacunas anti Covid", "WebApi Control Vacunas anti Covid.csproj", "{B415182B-ACBD-46B3-9B06-F0742EA4E47A}"
EndProject
Global
	GlobalSection(SolutionConfigurationPlatforms) = preSolution
		Debug|Any CPU = Debug|Any CPU
		Release|Any CPU = Release|Any CPU
	EndGlobalSection
	GlobalSection(ProjectConfigurationPlatforms) = postSolution
		{B415182B-ACBD-46B3-9B06-F0742EA4E47A}.Debug|Any CPU.ActiveCfg = Debug|Any CPU
		{B415182B-ACBD-46B3-9B06-F0742EA4E47A}.Debug|Any CPU.Build.0 = Debug|Any CPU
		{B415182B-ACBD-46B3-9B06-F0742EA4E47A}.Release|Any CPU.ActiveCfg = Release|Any CPU
		{B415182B-ACBD-46B3-9B06-F0742EA4E47A}.Release|Any CPU.Build.0 = Release|Any CPU
	EndGlobalSection
	GlobalSection(SolutionProperties) = preSolution
		HideSolutionNode = FALSE
	EndGlobalSection
	GlobalSection(ExtensibilityGlobals) = postSolution
		SolutionGuid = {40D459E0-B465-4944-8682-73C61EE1C732}
	EndGlobalSection
EndGlobal
